Microsoft Visual Studio Solution File, Format Version 8.00
Project("{8BC9CEB8-8B4A-11D0-8D11-00A0C91BC942}") = "ZipArchive", "ZipArchive.vcproj", "{AE6D19FB-D362-487B-B27B-913B2A0DAE74}"
	ProjectSection(ProjectDependencies) = postProject
	EndProjectSection
EndProject
Global
	GlobalSection(SolutionConfiguration) = preSolution
		Debug = Debug
		Release = Release
		Static Release = Static Release
		Unicode Debug = Unicode Debug
		Unicode Release = Unicode Release
		Unicode Static Release = Unicode Static Release
	EndGlobalSection
	GlobalSection(ProjectConfiguration) = postSolution
		{AE6D19FB-D362-487B-B27B-913B2A0DAE74}.Debug.ActiveCfg = Debug|Win32
		{AE6D19FB-D362-487B-B27B-913B2A0DAE74}.Debug.Build.0 = Debug|Win32
		{AE6D19FB-D362-487B-B27B-913B2A0DAE74}.Release.ActiveCfg = Release|Win32
		{AE6D19FB-D362-487B-B27B-913B2A0DAE74}.Release.Build.0 = Release|Win32
		{AE6D19FB-D362-487B-B27B-913B2A0DAE74}.Static Release.ActiveCfg = Static Release|Win32
		{AE6D19FB-D362-487B-B27B-913B2A0DAE74}.Static Release.Build.0 = Static Release|Win32
		{AE6D19FB-D362-487B-B27B-913B2A0DAE74}.Unicode Debug.ActiveCfg = Unicode Debug|Win32
		{AE6D19FB-D362-487B-B27B-913B2A0DAE74}.Unicode Debug.Build.0 = Unicode Debug|Win32
		{AE6D19FB-D362-487B-B27B-913B2A0DAE74}.Unicode Release.ActiveCfg = Unicode Release|Win32
		{AE6D19FB-D362-487B-B27B-913B2A0DAE74}.Unicode Release.Build.0 = Unicode Release|Win32
		{AE6D19FB-D362-487B-B27B-913B2A0DAE74}.Unicode Static Release.ActiveCfg = Unicode Static Release|Win32
		{AE6D19FB-D362-487B-B27B-913B2A0DAE74}.Unicode Static Release.Build.0 = Unicode Static Release|Win32
	EndGlobalSection
	GlobalSection(ExtensibilityGlobals) = postSolution
	EndGlobalSection
	GlobalSection(ExtensibilityAddIns) = postSolution
	EndGlobalSection
EndGlobal
