
Microsoft Visual Studio Solution File, Format Version 12.00
# Visual Studio 14
VisualStudioVersion = 14.0.24720.0
MinimumVisualStudioVersion = 10.0.40219.1
Project("{8BC9CEB8-8B4A-11D0-8D11-00A0C91BC942}") = "TGCOnline", "TGCOnline.vcxproj", "{8AA7758A-1B14-4E83-8CAF-3968E05130C1}"
EndProject
Global
	GlobalSection(SolutionConfigurationPlatforms) = preSolution
		Debug|Win32 = Debug|Win32
		DebugSERIALCODE|Win32 = DebugSERIALCODE|Win32
		DebugTRIAL|Win32 = DebugTRIAL|Win32
		Release|Win32 = Release|Win32
		ReleaseFREE|Win32 = ReleaseFREE|Win32
		ReleaseFREECERTIFICATES|Win32 = ReleaseFREECERTIFICATES|Win32
		ReleaseSERIALCODE|Win32 = ReleaseSERIALCODE|Win32
		ReleaseTRIAL|Win32 = ReleaseTRIAL|Win32
		ReleaseTRIAL100DAY|Win32 = ReleaseTRIAL100DAY|Win32
		ReleaseVERIFIER_DEBUG|Win32 = ReleaseVERIFIER_DEBUG|Win32
		ReleaseVERIFIER|Win32 = ReleaseVERIFIER|Win32
	EndGlobalSection
	GlobalSection(ProjectConfigurationPlatforms) = postSolution
		{8AA7758A-1B14-4E83-8CAF-3968E05130C1}.Debug|Win32.ActiveCfg = Debug|Win32
		{8AA7758A-1B14-4E83-8CAF-3968E05130C1}.Debug|Win32.Build.0 = Debug|Win32
		{8AA7758A-1B14-4E83-8CAF-3968E05130C1}.DebugSERIALCODE|Win32.ActiveCfg = DebugSERIALCODE|Win32
		{8AA7758A-1B14-4E83-8CAF-3968E05130C1}.DebugSERIALCODE|Win32.Build.0 = DebugSERIALCODE|Win32
		{8AA7758A-1B14-4E83-8CAF-3968E05130C1}.DebugTRIAL|Win32.ActiveCfg = DebugTRIAL|Win32
		{8AA7758A-1B14-4E83-8CAF-3968E05130C1}.DebugTRIAL|Win32.Build.0 = DebugTRIAL|Win32
		{8AA7758A-1B14-4E83-8CAF-3968E05130C1}.Release|Win32.ActiveCfg = Release|Win32
		{8AA7758A-1B14-4E83-8CAF-3968E05130C1}.Release|Win32.Build.0 = Release|Win32
		{8AA7758A-1B14-4E83-8CAF-3968E05130C1}.ReleaseFREE|Win32.ActiveCfg = ReleaseFREE|Win32
		{8AA7758A-1B14-4E83-8CAF-3968E05130C1}.ReleaseFREE|Win32.Build.0 = ReleaseFREE|Win32
		{8AA7758A-1B14-4E83-8CAF-3968E05130C1}.ReleaseFREECERTIFICATES|Win32.ActiveCfg = ReleaseFREECERTIFICATES|Win32
		{8AA7758A-1B14-4E83-8CAF-3968E05130C1}.ReleaseFREECERTIFICATES|Win32.Build.0 = ReleaseFREECERTIFICATES|Win32
		{8AA7758A-1B14-4E83-8CAF-3968E05130C1}.ReleaseSERIALCODE|Win32.ActiveCfg = ReleaseSERIALCODE|Win32
		{8AA7758A-1B14-4E83-8CAF-3968E05130C1}.ReleaseSERIALCODE|Win32.Build.0 = ReleaseSERIALCODE|Win32
		{8AA7758A-1B14-4E83-8CAF-3968E05130C1}.ReleaseTRIAL|Win32.ActiveCfg = ReleaseTRIAL|Win32
		{8AA7758A-1B14-4E83-8CAF-3968E05130C1}.ReleaseTRIAL|Win32.Build.0 = ReleaseTRIAL|Win32
		{8AA7758A-1B14-4E83-8CAF-3968E05130C1}.ReleaseTRIAL100DAY|Win32.ActiveCfg = ReleaseTRIAL100DAY|Win32
		{8AA7758A-1B14-4E83-8CAF-3968E05130C1}.ReleaseTRIAL100DAY|Win32.Build.0 = ReleaseTRIAL100DAY|Win32
		{8AA7758A-1B14-4E83-8CAF-3968E05130C1}.ReleaseVERIFIER_DEBUG|Win32.ActiveCfg = ReleaseVERIFIER_DEBUG|Win32
		{8AA7758A-1B14-4E83-8CAF-3968E05130C1}.ReleaseVERIFIER_DEBUG|Win32.Build.0 = ReleaseVERIFIER_DEBUG|Win32
		{8AA7758A-1B14-4E83-8CAF-3968E05130C1}.ReleaseVERIFIER|Win32.ActiveCfg = ReleaseVERIFIER|Win32
		{8AA7758A-1B14-4E83-8CAF-3968E05130C1}.ReleaseVERIFIER|Win32.Build.0 = ReleaseVERIFIER|Win32
	EndGlobalSection
	GlobalSection(SolutionProperties) = preSolution
		HideSolutionNode = FALSE
	EndGlobalSection
EndGlobal
