
Microsoft Visual Studio Solution File, Format Version 10.00
# Visual Studio 2008
Project("{8BC9CEB8-8B4A-11D0-8D11-00A0C91BC942}") = "TESTCOMMANDS", "TESTCOMMANDS.vcproj", "{8081EE5C-BC68-49D6-A735-14F0B2471B0B}"
EndProject
Global
	GlobalSection(SolutionConfigurationPlatforms) = preSolution
		Debug|Win32 = Debug|Win32
		Release|Win32 = Release|Win32
	EndGlobalSection
	GlobalSection(ProjectConfigurationPlatforms) = postSolution
		{8081EE5C-BC68-49D6-A735-14F0B2471B0B}.Debug|Win32.ActiveCfg = Debug|Win32
		{8081EE5C-BC68-49D6-A735-14F0B2471B0B}.Debug|Win32.Build.0 = Debug|Win32
		{8081EE5C-BC68-49D6-A735-14F0B2471B0B}.Release|Win32.ActiveCfg = Release|Win32
		{8081EE5C-BC68-49D6-A735-14F0B2471B0B}.Release|Win32.Build.0 = Release|Win32
	EndGlobalSection
	GlobalSection(SolutionProperties) = preSolution
		HideSolutionNode = FALSE
	EndGlobalSection
EndGlobal
