<?xml version="1.0" encoding="utf-8"?>
<Project ToolsVersion="4.0" xmlns="http://schemas.microsoft.com/developer/msbuild/2003">
  <ItemGroup>
    <Filter Include="Source Files">
      <UniqueIdentifier>{020523f8-f386-4752-8692-13751b8d1024}</UniqueIdentifier>
      <Extensions>cpp;c;cxx;rc;def;r;odl;idl;hpj;bat</Extensions>
    </Filter>
    <Filter Include="Source Files\Shared">
      <UniqueIdentifier>{d5778758-b9dd-4f2f-98e9-a6f03e69948a}</UniqueIdentifier>
    </Filter>
    <Filter Include="Header Files">
      <UniqueIdentifier>{6fee32b5-b16c-42e8-9bb3-6a7aa132ea6c}</UniqueIdentifier>
      <Extensions>h;hpp;hxx;hm;inl</Extensions>
    </Filter>
    <Filter Include="Resource Files">
      <UniqueIdentifier>{63f52801-e49a-4d1d-900b-30ce47d5d6e0}</UniqueIdentifier>
      <Extensions>ico;cur;bmp;dlg;rc2;rct;bin;rgs;gif;jpg;jpeg;jpe</Extensions>
    </Filter>
    <Filter Include="Source Files\MM">
      <UniqueIdentifier>{8d8b9c03-aa5b-4593-b30f-34a451083b5e}</UniqueIdentifier>
    </Filter>
  </ItemGroup>
  <ItemGroup>
    <ClCompile Include="DarkEXE.cpp">
      <Filter>Source Files</Filter>
    </ClCompile>
    <ClCompile Include="FileReader.cpp">
      <Filter>Source Files</Filter>
    </ClCompile>
    <ClCompile Include="getdxver.cpp">
      <Filter>Source Files</Filter>
    </ClCompile>
    <ClCompile Include="..\DBPCompiler\Encryptor.cpp">
      <Filter>Source Files\Shared</Filter>
    </ClCompile>
    <ClCompile Include="..\DBPCompiler\EXEBlock.cpp">
      <Filter>Source Files\Shared</Filter>
    </ClCompile>
    <ClCompile Include="..\..\Dark Basic Public Shared\Dark Basic Pro SDK\Shared\MemoryManager\DarkMemoryManager.cpp">
      <Filter>Source Files\MM</Filter>
    </ClCompile>
  </ItemGroup>
  <ItemGroup>
    <ClInclude Include="..\DBPCompiler\Encryptor.h">
      <Filter>Source Files\Shared</Filter>
    </ClInclude>
    <ClInclude Include="..\DBPCompiler\EXEBlock.h">
      <Filter>Source Files\Shared</Filter>
    </ClInclude>
    <ClInclude Include="DarkEXE.h">
      <Filter>Header Files</Filter>
    </ClInclude>
    <ClInclude Include="FileReader.h">
      <Filter>Header Files</Filter>
    </ClInclude>
    <ClInclude Include="resource.h">
      <Filter>Header Files</Filter>
    </ClInclude>
    <ClInclude Include="..\..\Dark Basic Public Shared\Dark Basic Pro SDK\Shared\MemoryManager\DarkMemoryManager.h">
      <Filter>Source Files\MM</Filter>
    </ClInclude>
  </ItemGroup>
  <ItemGroup>
    <ResourceCompile Include="dbproexe.rc">
      <Filter>Resource Files</Filter>
    </ResourceCompile>
  </ItemGroup>
  <ItemGroup>
    <Image Include="icon2-db3.ico">
      <Filter>Resource Files</Filter>
    </Image>
  </ItemGroup>
</Project>