<?xml version="1.0" encoding="utf-8"?>
<Project ToolsVersion="4.0" xmlns="http://schemas.microsoft.com/developer/msbuild/2003">
  <ItemGroup>
    <Filter Include="Source Files">
      <UniqueIdentifier>{4eb61ab6-a297-4936-9b6f-4613d3a3c666}</UniqueIdentifier>
      <Extensions>cpp;c;cxx;rc;def;r;odl;idl;hpj;bat</Extensions>
    </Filter>
    <Filter Include="Header Files">
      <UniqueIdentifier>{21fad7fc-8530-4856-a930-15131c1c67e4}</UniqueIdentifier>
      <Extensions>h;hpp;hxx;hm;inl</Extensions>
    </Filter>
    <Filter Include="Resource Files">
      <UniqueIdentifier>{1fc51468-8d57-49a3-8b24-a1a656a49655}</UniqueIdentifier>
      <Extensions>ico;cur;bmp;dlg;rc2;rct;bin;rgs;gif;jpg;jpeg;jpe</Extensions>
    </Filter>
    <Filter Include="Encryptor">
      <UniqueIdentifier>{be6f0ba3-9cd1-4bcf-8d32-5848f839d1c6}</UniqueIdentifier>
    </Filter>
    <Filter Include="Error">
      <UniqueIdentifier>{3e8b5ed7-d4d3-4330-8f4b-a26888a8dd36}</UniqueIdentifier>
    </Filter>
    <Filter Include="Source Files\MM">
      <UniqueIdentifier>{6c74c6f4-87ce-45c6-85c4-e80c3484b995}</UniqueIdentifier>
    </Filter>
  </ItemGroup>
  <ItemGroup>
    <ClCompile Include="..\..\Shared\Core\DBDLLCore.cpp">
      <Filter>Source Files</Filter>
    </ClCompile>
    <ClCompile Include="..\..\Shared\Core\DBDLLCoreInternal.cpp">
      <Filter>Source Files</Filter>
    </ClCompile>
    <ClCompile Include="..\..\Shared\Core\DBDLLDisplay.cpp">
      <Filter>Source Files</Filter>
    </ClCompile>
    <ClCompile Include="..\..\Shared\Core\DBDLLEXT.cpp">
      <Filter>Source Files</Filter>
    </ClCompile>
    <ClCompile Include="..\..\Shared\Core\DBDLLExtCalls.cpp">
      <Filter>Source Files</Filter>
    </ClCompile>
    <ClCompile Include="..\..\Shared\Core\DBDLLGDI.cpp">
      <Filter>Source Files</Filter>
    </ClCompile>
    <ClCompile Include="..\..\Shared\Core\globstruct.cpp">
      <Filter>Source Files</Filter>
    </ClCompile>
    <ClCompile Include="..\..\Shared\Core\RenderList.cpp">
      <Filter>Source Files</Filter>
    </ClCompile>
    <ClCompile Include="..\..\..\DBPCompiler\Encryptor.cpp">
      <Filter>Encryptor</Filter>
    </ClCompile>
    <ClCompile Include="..\..\Shared\Error\CError.cpp">
      <Filter>Error</Filter>
    </ClCompile>
    <ClCompile Include="..\..\Shared\MemoryManager\DarkMemoryManager.cpp">
      <Filter>Source Files\MM</Filter>
    </ClCompile>
    <ClCompile Include="..\..\Shared\Core\SteamCheckForWorkshop.cpp">
      <Filter>Source Files</Filter>
    </ClCompile>
  </ItemGroup>
  <ItemGroup>
    <ClInclude Include="..\..\Shared\Core\DBDLLCore.h">
      <Filter>Header Files</Filter>
    </ClInclude>
    <ClInclude Include="..\..\Shared\Core\DBDLLCoreInternal.h">
      <Filter>Header Files</Filter>
    </ClInclude>
    <ClInclude Include="..\..\Shared\Core\DBDLLDisplay.h">
      <Filter>Header Files</Filter>
    </ClInclude>
    <ClInclude Include="..\..\Shared\Core\DBDLLEXT.h">
      <Filter>Header Files</Filter>
    </ClInclude>
    <ClInclude Include="..\..\Shared\Core\DBDLLExtCalls.h">
      <Filter>Header Files</Filter>
    </ClInclude>
    <ClInclude Include="..\..\Shared\Core\DBDLLGDI.h">
      <Filter>Header Files</Filter>
    </ClInclude>
    <ClInclude Include="..\..\Shared\Core\globstruct.h">
      <Filter>Header Files</Filter>
    </ClInclude>
    <ClInclude Include="..\..\Shared\Core\RenderList.h">
      <Filter>Header Files</Filter>
    </ClInclude>
    <ClInclude Include="resource.h">
      <Filter>Header Files</Filter>
    </ClInclude>
    <ClInclude Include="..\..\..\DBPCompiler\Encryptor.h">
      <Filter>Encryptor</Filter>
    </ClInclude>
    <ClInclude Include="..\..\Shared\Error\CError.h">
      <Filter>Error</Filter>
    </ClInclude>
    <ClInclude Include="..\..\Shared\Error\CRuntimeErrors.h">
      <Filter>Error</Filter>
    </ClInclude>
    <ClInclude Include="..\..\Shared\MemoryManager\DarkMemoryManager.h">
      <Filter>Source Files\MM</Filter>
    </ClInclude>
    <ClInclude Include="..\..\Shared\Core\SteamCheckForWorkshop.h">
      <Filter>Header Files</Filter>
    </ClInclude>
  </ItemGroup>
  <ItemGroup>
    <None Include="gfx\icon.bmp">
      <Filter>Resource Files</Filter>
    </None>
  </ItemGroup>
  <ItemGroup>
    <ResourceCompile Include="DBDLLCore.rc">
      <Filter>Source Files</Filter>
    </ResourceCompile>
  </ItemGroup>
</Project>