
Microsoft Visual Studio Solution File, Format Version 12.00
# Visual Studio 14
VisualStudioVersion = 14.0.24720.0
MinimumVisualStudioVersion = 10.0.40219.1
Project("{8BC9CEB8-8B4A-11D0-8D11-00A0C91BC942}") = "Synergy Editor", "Synergy Editor\Synergy Editor.vcxproj", "{D2157F4F-E3E2-455D-9D10-71E9A8FB78D0}"
EndProject
Global
	GlobalSection(SolutionConfigurationPlatforms) = preSolution
		Debug|Win32 = Debug|Win32
		Release|Win32 = Release|Win32
		ReleaseNETBOOK|Win32 = ReleaseNETBOOK|Win32
		Remote|Win32 = Remote|Win32
	EndGlobalSection
	GlobalSection(ProjectConfigurationPlatforms) = postSolution
		{D2157F4F-E3E2-455D-9D10-71E9A8FB78D0}.Debug|Win32.ActiveCfg = Debug|Win32
		{D2157F4F-E3E2-455D-9D10-71E9A8FB78D0}.Debug|Win32.Build.0 = Debug|Win32
		{D2157F4F-E3E2-455D-9D10-71E9A8FB78D0}.Release|Win32.ActiveCfg = Release|Win32
		{D2157F4F-E3E2-455D-9D10-71E9A8FB78D0}.Release|Win32.Build.0 = Release|Win32
		{D2157F4F-E3E2-455D-9D10-71E9A8FB78D0}.ReleaseNETBOOK|Win32.ActiveCfg = ReleaseNETBOOK|Win32
		{D2157F4F-E3E2-455D-9D10-71E9A8FB78D0}.ReleaseNETBOOK|Win32.Build.0 = ReleaseNETBOOK|Win32
		{D2157F4F-E3E2-455D-9D10-71E9A8FB78D0}.Remote|Win32.ActiveCfg = Remote|Win32
		{D2157F4F-E3E2-455D-9D10-71E9A8FB78D0}.Remote|Win32.Build.0 = Remote|Win32
	EndGlobalSection
	GlobalSection(SolutionProperties) = preSolution
		HideSolutionNode = FALSE
	EndGlobalSection
	GlobalSection(ExtensibilityGlobals) = postSolution
		CodeStyleEnforcer_RulesLocation = 
		CodeStyleEnforcer_Active = 0
	EndGlobalSection
EndGlobal
