<?xml version="1.0" encoding="utf-8"?>
<Project ToolsVersion="4.0" xmlns="http://schemas.microsoft.com/developer/msbuild/2003">
  <ItemGroup>
    <Filter Include="Source Files">
      <UniqueIdentifier>{4FC737F1-C7A5-4376-A066-2A32D752A2FF}</UniqueIdentifier>
      <Extensions>cpp;c;cc;cxx;def;odl;idl;hpj;bat;asm;asmx</Extensions>
    </Filter>
    <Filter Include="Header Files">
      <UniqueIdentifier>{93995380-89BD-4b04-88EB-625FBE52EBFB}</UniqueIdentifier>
      <Extensions>h;hpp;hxx;hm;inl;inc;xsd</Extensions>
    </Filter>
    <Filter Include="Resource Files">
      <UniqueIdentifier>{67DA6AB6-F800-4c08-8B7A-83BB121AAD01}</UniqueIdentifier>
      <Extensions>rc;ico;cur;bmp;dlg;rc2;rct;bin;rgs;gif;jpg;jpeg;jpe;resx;tiff;tif;png;wav</Extensions>
    </Filter>
    <Filter Include="My Inspector Results">
      <UniqueIdentifier>{6933b3cf-598e-4a0c-bf8f-f41d7ca55a87}</UniqueIdentifier>
    </Filter>
  </ItemGroup>
  <ItemGroup>
    <ClCompile Include="AdvertThread.cpp">
      <Filter>Source Files</Filter>
    </ClCompile>
    <ClCompile Include="ChildFrm.cpp">
      <Filter>Source Files</Filter>
    </ClCompile>
    <ClCompile Include="ClassView.cpp">
      <Filter>Source Files</Filter>
    </ClCompile>
    <ClCompile Include="CompileSupport.cpp">
      <Filter>Source Files</Filter>
    </ClCompile>
    <ClCompile Include="CursorBar.cpp">
      <Filter>Source Files</Filter>
    </ClCompile>
    <ClCompile Include="Doc.cpp">
      <Filter>Source Files</Filter>
    </ClCompile>
    <ClCompile Include="EditorControl.cpp">
      <Filter>Source Files</Filter>
    </ClCompile>
    <ClCompile Include="ExtendedFind.cpp">
      <Filter>Source Files</Filter>
    </ClCompile>
    <ClCompile Include="FindInProjectDialog.cpp">
      <Filter>Source Files</Filter>
    </ClCompile>
    <ClCompile Include="getdxver.cpp">
      <Filter>Source Files</Filter>
    </ClCompile>
    <ClCompile Include="GotoLineDlg.cpp">
      <Filter>Source Files</Filter>
    </ClCompile>
    <ClCompile Include="Help.cpp">
      <Filter>Source Files</Filter>
    </ClCompile>
    <ClCompile Include="HTMLDocument.cpp">
      <Filter>Source Files</Filter>
    </ClCompile>
    <ClCompile Include="HTMLViewCustom.cpp">
      <Filter>Source Files</Filter>
    </ClCompile>
    <ClCompile Include="HTTPComm.cpp">
      <Filter>Source Files</Filter>
    </ClCompile>
    <ClCompile Include="ImageChild.cpp">
      <Filter>Source Files</Filter>
    </ClCompile>
    <ClCompile Include="ImagePreviewStatic.cpp">
      <Filter>Source Files</Filter>
    </ClCompile>
    <ClCompile Include="ImageWindow.cpp">
      <Filter>Source Files</Filter>
    </ClCompile>
    <ClCompile Include="InputDialog.cpp">
      <Filter>Source Files</Filter>
    </ClCompile>
    <ClCompile Include="KeystateChild.cpp">
      <Filter>Source Files</Filter>
    </ClCompile>
    <ClCompile Include="KeystateWindow.cpp">
      <Filter>Source Files</Filter>
    </ClCompile>
    <ClCompile Include="Keyword.cpp">
      <Filter>Source Files</Filter>
    </ClCompile>
    <ClCompile Include="KeywordDialog.cpp">
      <Filter>Source Files</Filter>
    </ClCompile>
    <ClCompile Include="Keywords.cpp">
      <Filter>Source Files</Filter>
    </ClCompile>
    <ClCompile Include="MainFrm.cpp">
      <Filter>Source Files</Filter>
    </ClCompile>
    <ClCompile Include="MediaBar.cpp">
      <Filter>Source Files</Filter>
    </ClCompile>
    <ClCompile Include="NewProjectDialog.cpp">
      <Filter>Source Files</Filter>
    </ClCompile>
    <ClCompile Include="OptionsDlg.cpp">
      <Filter>Source Files</Filter>
    </ClCompile>
    <ClCompile Include="OptionsPageDefaults.cpp">
      <Filter>Source Files</Filter>
    </ClCompile>
    <ClCompile Include="OptionsPageEnvironment.cpp">
      <Filter>Source Files</Filter>
    </ClCompile>
    <ClCompile Include="OptionsPageFonts.cpp">
      <Filter>Source Files</Filter>
    </ClCompile>
    <ClCompile Include="OptionsPageHelp.cpp">
      <Filter>Source Files</Filter>
    </ClCompile>
    <ClCompile Include="OptionsPageSemantic.cpp">
      <Filter>Source Files</Filter>
    </ClCompile>
    <ClCompile Include="OptionsPageStartup.cpp">
      <Filter>Source Files</Filter>
    </ClCompile>
    <ClCompile Include="OptionsPageText.cpp">
      <Filter>Source Files</Filter>
    </ClCompile>
    <ClCompile Include="OutlineParser.cpp">
      <Filter>Source Files</Filter>
    </ClCompile>
    <ClCompile Include="OutputBar.cpp">
      <Filter>Source Files</Filter>
    </ClCompile>
    <ClCompile Include="ReadError.cpp">
      <Filter>Source Files</Filter>
    </ClCompile>
    <ClCompile Include="ReadProject.cpp">
      <Filter>Source Files</Filter>
    </ClCompile>
    <ClCompile Include="SemanticParser.cpp">
      <Filter>Source Files</Filter>
    </ClCompile>
    <ClCompile Include="SemanticParserManager.cpp">
      <Filter>Source Files</Filter>
    </ClCompile>
    <ClCompile Include="Settings.cpp">
      <Filter>Source Files</Filter>
    </ClCompile>
    <ClCompile Include="SnippetWnd.cpp">
      <Filter>Source Files</Filter>
    </ClCompile>
    <ClCompile Include="SourceFile.cpp">
      <Filter>Source Files</Filter>
    </ClCompile>
    <ClCompile Include="stdafx.cpp">
      <Filter>Source Files</Filter>
    </ClCompile>
    <ClCompile Include="Synergy Editor.cpp">
      <Filter>Source Files</Filter>
    </ClCompile>
    <ClCompile Include="ToDoWindow.cpp">
      <Filter>Source Files</Filter>
    </ClCompile>
    <ClCompile Include="UpdateFtpCore.cpp">
      <Filter>Source Files</Filter>
    </ClCompile>
    <ClCompile Include="UpdateGlobal.cpp">
      <Filter>Source Files</Filter>
    </ClCompile>
    <ClCompile Include="UpdateWindow.cpp">
      <Filter>Source Files</Filter>
    </ClCompile>
    <ClCompile Include="Utilities.cpp">
      <Filter>Source Files</Filter>
    </ClCompile>
    <ClCompile Include="Variables.cpp">
      <Filter>Source Files</Filter>
    </ClCompile>
    <ClCompile Include="View.cpp">
      <Filter>Source Files</Filter>
    </ClCompile>
    <ClCompile Include="WelcomeDialog.cpp">
      <Filter>Source Files</Filter>
    </ClCompile>
    <ClCompile Include="WelcomePages.cpp">
      <Filter>Source Files</Filter>
    </ClCompile>
    <ClCompile Include="WorkSpaceBar.cpp">
      <Filter>Source Files</Filter>
    </ClCompile>
    <ClCompile Include="WorkSpaceBar2.cpp">
      <Filter>Source Files</Filter>
    </ClCompile>
    <ClCompile Include="WriteFiles.cpp">
      <Filter>Source Files</Filter>
    </ClCompile>
    <ClCompile Include="WriteProject.cpp">
      <Filter>Source Files</Filter>
    </ClCompile>
  </ItemGroup>
  <ItemGroup>
    <ClInclude Include="ExternalText.h">
      <Filter>Source Files</Filter>
    </ClInclude>
    <ClInclude Include="HTMLViewCustom.h">
      <Filter>Source Files</Filter>
    </ClInclude>
    <ClInclude Include="HTTPComm.h">
      <Filter>Source Files</Filter>
    </ClInclude>
    <ClInclude Include="AdvertThread.h">
      <Filter>Header Files</Filter>
    </ClInclude>
    <ClInclude Include="ChildFrm.h">
      <Filter>Header Files</Filter>
    </ClInclude>
    <ClInclude Include="ClassView.h">
      <Filter>Header Files</Filter>
    </ClInclude>
    <ClInclude Include="CompileSupport.h">
      <Filter>Header Files</Filter>
    </ClInclude>
    <ClInclude Include="CursorBar.h">
      <Filter>Header Files</Filter>
    </ClInclude>
    <ClInclude Include="Doc.h">
      <Filter>Header Files</Filter>
    </ClInclude>
    <ClInclude Include="EditorControl.h">
      <Filter>Header Files</Filter>
    </ClInclude>
    <ClInclude Include="ExtendedFind.h">
      <Filter>Header Files</Filter>
    </ClInclude>
    <ClInclude Include="FindInProjectDialog.h">
      <Filter>Header Files</Filter>
    </ClInclude>
    <ClInclude Include="GotoLineDlg.h">
      <Filter>Header Files</Filter>
    </ClInclude>
    <ClInclude Include="Help.h">
      <Filter>Header Files</Filter>
    </ClInclude>
    <ClInclude Include="HTMLDocument.h">
      <Filter>Header Files</Filter>
    </ClInclude>
    <ClInclude Include="ImageChild.h">
      <Filter>Header Files</Filter>
    </ClInclude>
    <ClInclude Include="ImagePreviewStatic.h">
      <Filter>Header Files</Filter>
    </ClInclude>
    <ClInclude Include="ImageWindow.h">
      <Filter>Header Files</Filter>
    </ClInclude>
    <ClInclude Include="InputDialog.h">
      <Filter>Header Files</Filter>
    </ClInclude>
    <ClInclude Include="KeystateChild.h">
      <Filter>Header Files</Filter>
    </ClInclude>
    <ClInclude Include="KeystateWindow.h">
      <Filter>Header Files</Filter>
    </ClInclude>
    <ClInclude Include="Keyword.h">
      <Filter>Header Files</Filter>
    </ClInclude>
    <ClInclude Include="KeywordDialog.h">
      <Filter>Header Files</Filter>
    </ClInclude>
    <ClInclude Include="Keywords.h">
      <Filter>Header Files</Filter>
    </ClInclude>
    <ClInclude Include="MainFrm.h">
      <Filter>Header Files</Filter>
    </ClInclude>
    <ClInclude Include="MediaBar.h">
      <Filter>Header Files</Filter>
    </ClInclude>
    <ClInclude Include="NewProjectDialog.h">
      <Filter>Header Files</Filter>
    </ClInclude>
    <ClInclude Include="OptionsDlg.h">
      <Filter>Header Files</Filter>
    </ClInclude>
    <ClInclude Include="OptionsPageDefaults.h">
      <Filter>Header Files</Filter>
    </ClInclude>
    <ClInclude Include="OptionsPageEnvironment.h">
      <Filter>Header Files</Filter>
    </ClInclude>
    <ClInclude Include="OptionsPageFonts.h">
      <Filter>Header Files</Filter>
    </ClInclude>
    <ClInclude Include="OptionsPageHelp.h">
      <Filter>Header Files</Filter>
    </ClInclude>
    <ClInclude Include="OptionsPageSemantic.h">
      <Filter>Header Files</Filter>
    </ClInclude>
    <ClInclude Include="OptionsPageStartup.h">
      <Filter>Header Files</Filter>
    </ClInclude>
    <ClInclude Include="OptionsPageText.h">
      <Filter>Header Files</Filter>
    </ClInclude>
    <ClInclude Include="OutlineParser.h">
      <Filter>Header Files</Filter>
    </ClInclude>
    <ClInclude Include="OutputBar.h">
      <Filter>Header Files</Filter>
    </ClInclude>
    <ClInclude Include="ReadError.h">
      <Filter>Header Files</Filter>
    </ClInclude>
    <ClInclude Include="ReadProject.h">
      <Filter>Header Files</Filter>
    </ClInclude>
    <ClInclude Include="Resource.h">
      <Filter>Header Files</Filter>
    </ClInclude>
    <ClInclude Include="SemanticParser.h">
      <Filter>Header Files</Filter>
    </ClInclude>
    <ClInclude Include="SemanticParserManager.h">
      <Filter>Header Files</Filter>
    </ClInclude>
    <ClInclude Include="Settings.h">
      <Filter>Header Files</Filter>
    </ClInclude>
    <ClInclude Include="SnippetWnd.h">
      <Filter>Header Files</Filter>
    </ClInclude>
    <ClInclude Include="SourceFile.h">
      <Filter>Header Files</Filter>
    </ClInclude>
    <ClInclude Include="stdafx.h">
      <Filter>Header Files</Filter>
    </ClInclude>
    <ClInclude Include="Synergy Editor.h">
      <Filter>Header Files</Filter>
    </ClInclude>
    <ClInclude Include="ToDoWindow.h">
      <Filter>Header Files</Filter>
    </ClInclude>
    <ClInclude Include="UpdateFtpCore.h">
      <Filter>Header Files</Filter>
    </ClInclude>
    <ClInclude Include="UpdateGlobal.h">
      <Filter>Header Files</Filter>
    </ClInclude>
    <ClInclude Include="UpdateWindow.h">
      <Filter>Header Files</Filter>
    </ClInclude>
    <ClInclude Include="Utilities.h">
      <Filter>Header Files</Filter>
    </ClInclude>
    <ClInclude Include="Variables.h">
      <Filter>Header Files</Filter>
    </ClInclude>
    <ClInclude Include="View.h">
      <Filter>Header Files</Filter>
    </ClInclude>
    <ClInclude Include="WelcomeDialog.h">
      <Filter>Header Files</Filter>
    </ClInclude>
    <ClInclude Include="WelcomePages.h">
      <Filter>Header Files</Filter>
    </ClInclude>
    <ClInclude Include="WorkSpaceBar.h">
      <Filter>Header Files</Filter>
    </ClInclude>
    <ClInclude Include="WorkSpaceBar2.h">
      <Filter>Header Files</Filter>
    </ClInclude>
    <ClInclude Include="WriteFiles.h">
      <Filter>Header Files</Filter>
    </ClInclude>
    <ClInclude Include="WriteProject.h">
      <Filter>Header Files</Filter>
    </ClInclude>
  </ItemGroup>
  <ItemGroup>
    <Image Include="res\bitmap3.bmp">
      <Filter>Resource Files</Filter>
    </Image>
    <Image Include="res\bitmap4.bmp">
      <Filter>Resource Files</Filter>
    </Image>
    <Image Include="res\bmp00001.bmp">
      <Filter>Resource Files</Filter>
    </Image>
    <Image Include="res\bmp00002.bmp">
      <Filter>Resource Files</Filter>
    </Image>
    <Image Include="res\bmp00003.bmp">
      <Filter>Resource Files</Filter>
    </Image>
    <Image Include="res\bmp00004.bmp">
      <Filter>Resource Files</Filter>
    </Image>
    <Image Include="res\bmp00005.bmp">
      <Filter>Resource Files</Filter>
    </Image>
    <Image Include="res\bmp00006.bmp">
      <Filter>Resource Files</Filter>
    </Image>
    <Image Include="res\bmp00007.bmp">
      <Filter>Resource Files</Filter>
    </Image>
    <Image Include="res\bmp00008.bmp">
      <Filter>Resource Files</Filter>
    </Image>
    <Image Include="res\break.bmp">
      <Filter>Resource Files</Filter>
    </Image>
    <Image Include="res\Browser.bmp">
      <Filter>Resource Files</Filter>
    </Image>
    <Image Include="res\classview.bmp">
      <Filter>Resource Files</Filter>
    </Image>
    <Image Include="res\classview_hc.bmp">
      <Filter>Resource Files</Filter>
    </Image>
    <Image Include="res\Cursor.bmp">
      <Filter>Resource Files</Filter>
    </Image>
    <Image Include="res\Edit.bmp">
      <Filter>Resource Files</Filter>
    </Image>
    <Image Include="res\filevie24.bmp">
      <Filter>Resource Files</Filter>
    </Image>
    <Image Include="res\fileview.bmp">
      <Filter>Resource Files</Filter>
    </Image>
    <Image Include="res\icon1.ico">
      <Filter>Resource Files</Filter>
    </Image>
    <Image Include="res\idr_unti.ico">
      <Filter>Resource Files</Filter>
    </Image>
    <Image Include="res\mainfram.bmp">
      <Filter>Resource Files</Filter>
    </Image>
    <Image Include="res\Media.bmp">
      <Filter>Resource Files</Filter>
    </Image>
    <Image Include="res\optionsimages.bmp">
      <Filter>Resource Files</Filter>
    </Image>
    <Image Include="res\properties_bar_hc.bmp">
      <Filter>Resource Files</Filter>
    </Image>
    <Image Include="res\Pyramid.bmp">
      <Filter>Resource Files</Filter>
    </Image>
    <Image Include="res\Solution.bmp">
      <Filter>Resource Files</Filter>
    </Image>
    <Image Include="res\SourceFile.bmp">
      <Filter>Resource Files</Filter>
    </Image>
    <Image Include="res\Synergy Editor.ico">
      <Filter>Resource Files</Filter>
    </Image>
    <Image Include="res\Synergy EditorDoc.ico">
      <Filter>Resource Files</Filter>
    </Image>
    <Image Include="res\Toolbar.bmp">
      <Filter>Resource Files</Filter>
    </Image>
    <Image Include="res\toolbar1.bmp">
      <Filter>Resource Files</Filter>
    </Image>
    <Image Include="res\Toolbar256.bmp">
      <Filter>Resource Files</Filter>
    </Image>
    <Image Include="res\UserImages.bmp">
      <Filter>Resource Files</Filter>
    </Image>
    <Image Include="res\Workspace.bmp">
      <Filter>Resource Files</Filter>
    </Image>
  </ItemGroup>
  <ItemGroup>
    <None Include="res\defcurso.bin">
      <Filter>Resource Files</Filter>
    </None>
    <None Include="res\ini1.bin">
      <Filter>Resource Files</Filter>
    </None>
    <None Include="res\serial1.bin">
      <Filter>Resource Files</Filter>
    </None>
    <None Include="res\SynergyEditor.rc2">
      <Filter>Resource Files</Filter>
    </None>
    <None Include="res\xml1.bin">
      <Filter>Resource Files</Filter>
    </None>
    <None Include="My Inspector Results\r000mi1\r000mi1.insp">
      <Filter>My Inspector Results</Filter>
    </None>
    <None Include="My Inspector Results\r001mi1\r001mi1.insp">
      <Filter>My Inspector Results</Filter>
    </None>
    <None Include="My Inspector Results\r002ti1\r002ti1.insp">
      <Filter>My Inspector Results</Filter>
    </None>
    <None Include="My Inspector Results\r003ti1\r003ti1.insp">
      <Filter>My Inspector Results</Filter>
    </None>
    <None Include="My Inspector Results\r004mi2\r004mi2.insp">
      <Filter>My Inspector Results</Filter>
    </None>
    <None Include="My Inspector Results\r005mi2\r005mi2.insp">
      <Filter>My Inspector Results</Filter>
    </None>
    <None Include="My Inspector Results\r006mi2\r006mi2.insp">
      <Filter>My Inspector Results</Filter>
    </None>
    <None Include="Synergy Editor.reg" />
    <None Include="TestLee.htm" />
    <None Include="testweb.htm" />
  </ItemGroup>
  <ItemGroup>
    <ResourceCompile Include="Synergy Editor.rc">
      <Filter>Resource Files</Filter>
    </ResourceCompile>
  </ItemGroup>
  <ItemGroup>
    <Text Include="ReadMe.txt" />
  </ItemGroup>
</Project>